
Microsoft Visual Studio Solution File, Format Version 12.00
# Visual Studio 15
VisualStudioVersion = 15.0.34031.82
MinimumVisualStudioVersion = 10.0.40219.1
Project("{8BC9CEB8-8B4A-11D0-8D11-00A0C91BC942}") = "CUDA 11.5 Runtime1", "CUDA 11.5 Runtime1\CUDA 11.5 Runtime1.vcxproj", "{34D360DC-BB8B-4208-B044-ED1CB41FB77D}"
EndProject
Global
	GlobalSection(SolutionConfigurationPlatforms) = preSolution
		Debug|x64 = Debug|x64
		Release|x64 = Release|x64
	EndGlobalSection
	GlobalSection(ProjectConfigurationPlatforms) = postSolution
		{34D360DC-BB8B-4208-B044-ED1CB41FB77D}.Debug|x64.ActiveCfg = Debug|x64
		{34D360DC-BB8B-4208-B044-ED1CB41FB77D}.Debug|x64.Build.0 = Debug|x64
		{34D360DC-BB8B-4208-B044-ED1CB41FB77D}.Release|x64.ActiveCfg = Release|x64
		{34D360DC-BB8B-4208-B044-ED1CB41FB77D}.Release|x64.Build.0 = Release|x64
	EndGlobalSection
	GlobalSection(SolutionProperties) = preSolution
		HideSolutionNode = FALSE
	EndGlobalSection
	GlobalSection(ExtensibilityGlobals) = postSolution
		SolutionGuid = {F35DA751-10C0-4117-BE12-745DD857AF31}
	EndGlobalSection
EndGlobal
